// !$*UTF8*$!
{
	archiveVersion = 1;
	classes = {
	};
	objectVersion = 70;
	objects = {

/* Begin PBXBuildFile section */
		2282E1C42DD6851F00858AD9 /* SportModel.swift in Sources */ = {isa = PBXBuildFile; fileRef = 2282E1C32DD6851F00858AD9 /* SportModel.swift */; };
		2282E1C72DD6872700858AD9 /* SportCollectionViewCell.swift in Sources */ = {isa = PBXBuildFile; fileRef = 2282E1C52DD6872700858AD9 /* SportCollectionViewCell.swift */; };
		2282E1C82DD6872700858AD9 /* SportCollectionViewCell.xib in Resources */ = {isa = PBXBuildFile; fileRef = 2282E1C62DD6872700858AD9 /* SportCollectionViewCell.xib */; };
		22842B9C2DDCC4B600262BA5 /* PlayerTableViewCell.swift in Sources */ = {isa = PBXBuildFile; fileRef = 22842B9A2DDCC4B600262BA5 /* PlayerTableViewCell.swift */; };
		22842B9D2DDCC4B600262BA5 /* PlayerTableViewCell.xib in Resources */ = {isa = PBXBuildFile; fileRef = 22842B9B2DDCC4B600262BA5 /* PlayerTableViewCell.xib */; };
		2284FE9F2DD62CAC005596BE /* NetworkManager.swift in Sources */ = {isa = PBXBuildFile; fileRef = 2284FE9E2DD62CAC005596BE /* NetworkManager.swift */; };
		2284FEA22DD6388C005596BE /* LeagueResponse.swift in Sources */ = {isa = PBXBuildFile; fileRef = 2284FEA12DD6388C005596BE /* LeagueResponse.swift */; };
		2284FEA42DD638CB005596BE /* LeagueModel.swift in Sources */ = {isa = PBXBuildFile; fileRef = 2284FEA32DD638CB005596BE /* LeagueModel.swift */; };
		2284FEAA2DD63AEE005596BE /* LeagueViewController.swift in Sources */ = {isa = PBXBuildFile; fileRef = 2284FEA82DD63AEE005596BE /* LeagueViewController.swift */; };
		2284FEAB2DD63AEE005596BE /* LeagueViewController.xib in Resources */ = {isa = PBXBuildFile; fileRef = 2284FEA92DD63AEE005596BE /* LeagueViewController.xib */; };
		2284FEB02DD63DA3005596BE /* LeagueTableViewCell.swift in Sources */ = {isa = PBXBuildFile; fileRef = 2284FEAE2DD63DA3005596BE /* LeagueTableViewCell.swift */; };
		2284FEB12DD63DA3005596BE /* LeagueTableViewCell.xib in Resources */ = {isa = PBXBuildFile; fileRef = 2284FEAF2DD63DA3005596BE /* LeagueTableViewCell.xib */; };
		2284FEB32DD641F5005596BE /* LeaguesViewProtocol.swift in Sources */ = {isa = PBXBuildFile; fileRef = 2284FEB22DD641F5005596BE /* LeaguesViewProtocol.swift */; };
		2284FEB52DD64273005596BE /* LeaguesPresenter.swift in Sources */ = {isa = PBXBuildFile; fileRef = 2284FEB42DD64273005596BE /* LeaguesPresenter.swift */; };
		228510D72DDB051E0061FA1F /* League.swift in Sources */ = {isa = PBXBuildFile; fileRef = 228510D62DDB051E0061FA1F /* League.swift */; };
		228510DA2DDB054A0061FA1F /* FavouritesViewController.swift in Sources */ = {isa = PBXBuildFile; fileRef = 228510D82DDB054A0061FA1F /* FavouritesViewController.swift */; };
		228510DB2DDB054A0061FA1F /* FavouritesViewController.xib in Resources */ = {isa = PBXBuildFile; fileRef = 228510D92DDB054A0061FA1F /* FavouritesViewController.xib */; };
		228510DD2DDB05670061FA1F /* FavouriteCellProtocol.swift in Sources */ = {isa = PBXBuildFile; fileRef = 228510DC2DDB05670061FA1F /* FavouriteCellProtocol.swift */; };
		228510E02DDB05CA0061FA1F /* LocalDBManager.swift in Sources */ = {isa = PBXBuildFile; fileRef = 228510DF2DDB05CA0061FA1F /* LocalDBManager.swift */; };
		2285113A2DDB9CAB0061FA1F /* TeamViewController.swift in Sources */ = {isa = PBXBuildFile; fileRef = 228511382DDB9CAB0061FA1F /* TeamViewController.swift */; };
		2285113B2DDB9CAB0061FA1F /* TeamViewController.xib in Resources */ = {isa = PBXBuildFile; fileRef = 228511392DDB9CAB0061FA1F /* TeamViewController.xib */; };
		2285113D2DDBAA950061FA1F /* TeamViewProtocol.swift in Sources */ = {isa = PBXBuildFile; fileRef = 2285113C2DDBAA950061FA1F /* TeamViewProtocol.swift */; };
		2285113F2DDBAAD20061FA1F /* TeamPresenter.swift in Sources */ = {isa = PBXBuildFile; fileRef = 2285113E2DDBAAD20061FA1F /* TeamPresenter.swift */; };
		2289369F2DD54A7800B00E05 /* AppDelegate.swift in Sources */ = {isa = PBXBuildFile; fileRef = 2289369E2DD54A7800B00E05 /* AppDelegate.swift */; };
		228936A12DD54A7800B00E05 /* SceneDelegate.swift in Sources */ = {isa = PBXBuildFile; fileRef = 228936A02DD54A7800B00E05 /* SceneDelegate.swift */; };
		228936A32DD54A7800B00E05 /* ViewController.swift in Sources */ = {isa = PBXBuildFile; fileRef = 228936A22DD54A7800B00E05 /* ViewController.swift */; };
		228936A62DD54A7800B00E05 /* Main.storyboard in Resources */ = {isa = PBXBuildFile; fileRef = 228936A42DD54A7800B00E05 /* Main.storyboard */; };
		228936A92DD54A7800B00E05 /* Sports_App.xcdatamodeld in Sources */ = {isa = PBXBuildFile; fileRef = 228936A72DD54A7800B00E05 /* Sports_App.xcdatamodeld */; };
		228936AB2DD54A7B00B00E05 /* Assets.xcassets in Resources */ = {isa = PBXBuildFile; fileRef = 228936AA2DD54A7B00B00E05 /* Assets.xcassets */; };
		228936AE2DD54A7B00B00E05 /* LaunchScreen.storyboard in Resources */ = {isa = PBXBuildFile; fileRef = 228936AC2DD54A7B00B00E05 /* LaunchScreen.storyboard */; };
		228936B72DD54AED00B00E05 /* SDWebImage in Frameworks */ = {isa = PBXBuildFile; productRef = 228936B62DD54AED00B00E05 /* SDWebImage */; };
		228936B92DD54AED00B00E05 /* SDWebImageMapKit in Frameworks */ = {isa = PBXBuildFile; productRef = 228936B82DD54AED00B00E05 /* SDWebImageMapKit */; };
		228936BC2DD54B3200B00E05 /* Alamofire in Frameworks */ = {isa = PBXBuildFile; productRef = 228936BB2DD54B3200B00E05 /* Alamofire */; };
		228936C12DD54B4500B00E05 /* Reachability in Frameworks */ = {isa = PBXBuildFile; productRef = 228936C02DD54B4500B00E05 /* Reachability */; };
		229D630F2DDFBCB800CFE620 /* OnboardingViewController.swift in Sources */ = {isa = PBXBuildFile; fileRef = 229D630D2DDFBCB800CFE620 /* OnboardingViewController.swift */; };
		229D63102DDFBCB800CFE620 /* OnboardingViewController.xib in Resources */ = {isa = PBXBuildFile; fileRef = 229D630E2DDFBCB800CFE620 /* OnboardingViewController.xib */; };
		229D63122DDFC02C00CFE620 /* extentionForView.swift in Sources */ = {isa = PBXBuildFile; fileRef = 229D63112DDFC02C00CFE620 /* extentionForView.swift */; };
		229D63142DDFC10200CFE620 /* OnboardingSlide.swift in Sources */ = {isa = PBXBuildFile; fileRef = 229D63132DDFC10200CFE620 /* OnboardingSlide.swift */; };
		229D63172DDFC3FD00CFE620 /* OnboardingCollectionViewCell.swift in Sources */ = {isa = PBXBuildFile; fileRef = 229D63152DDFC3FD00CFE620 /* OnboardingCollectionViewCell.swift */; };
		229D63182DDFC3FD00CFE620 /* OnboardingCollectionViewCell.xib in Resources */ = {isa = PBXBuildFile; fileRef = 229D63162DDFC3FD00CFE620 /* OnboardingCollectionViewCell.xib */; };
		7B67B5282DDCEDA900E50EBF /* SplashViewController.swift in Sources */ = {isa = PBXBuildFile; fileRef = 7B67B5252DDCEDA900E50EBF /* SplashViewController.swift */; };
		7B67B52B2DDCEF5800E50EBF /* Lottie in Frameworks */ = {isa = PBXBuildFile; productRef = 7B67B52A2DDCEF5800E50EBF /* Lottie */; };
		7B67B5342DDD073400E50EBF /* cricket.json in Resources */ = {isa = PBXBuildFile; fileRef = 7B67B5302DDD073400E50EBF /* cricket.json */; };
		7B67B5352DDD073400E50EBF /* tennis.json in Resources */ = {isa = PBXBuildFile; fileRef = 7B67B5322DDD073400E50EBF /* tennis.json */; };
		7B67B5362DDD073400E50EBF /* football.json in Resources */ = {isa = PBXBuildFile; fileRef = 7B67B5312DDD073400E50EBF /* football.json */; };
		7B67B53C2DDD176700E50EBF /* basketball.json in Resources */ = {isa = PBXBuildFile; fileRef = 7B67B53B2DDD176700E50EBF /* basketball.json */; };
		7B67B53E2DDD194500E50EBF /* splash-animation.json in Resources */ = {isa = PBXBuildFile; fileRef = 7B67B53D2DDD194500E50EBF /* splash-animation.json */; };
		7BA668772DD74EAB004DBBC3 /* APIRouter.swift in Sources */ = {isa = PBXBuildFile; fileRef = 7BA668762DD74E99004DBBC3 /* APIRouter.swift */; };
		7BA668792DD75E7C004DBBC3 /* FixtureResponse.swift in Sources */ = {isa = PBXBuildFile; fileRef = 7BA668782DD75E5E004DBBC3 /* FixtureResponse.swift */; };
		7BA6687B2DD75EB0004DBBC3 /* FixtureModel.swift in Sources */ = {isa = PBXBuildFile; fileRef = 7BA6687A2DD75EA6004DBBC3 /* FixtureModel.swift */; };
		7BA668802DD7653E004DBBC3 /* DetialsViewProtocol.swift in Sources */ = {isa = PBXBuildFile; fileRef = 7BA6687F2DD7653E004DBBC3 /* DetialsViewProtocol.swift */; };
		7BA668822DD76659004DBBC3 /* DetialsPresenter.swift in Sources */ = {isa = PBXBuildFile; fileRef = 7BA668812DD7664E004DBBC3 /* DetialsPresenter.swift */; };
		7BA668852DD76BDE004DBBC3 /* DetialsCollectionViewController.swift in Sources */ = {isa = PBXBuildFile; fileRef = 7BA668832DD76BDE004DBBC3 /* DetialsCollectionViewController.swift */; };
		7BA668862DD76BDE004DBBC3 /* DetialsCollectionViewController.xib in Resources */ = {isa = PBXBuildFile; fileRef = 7BA668842DD76BDE004DBBC3 /* DetialsCollectionViewController.xib */; };
		7BA668A12DD8928E004DBBC3 /* SportsType.swift in Sources */ = {isa = PBXBuildFile; fileRef = 7BA668A02DD89288004DBBC3 /* SportsType.swift */; };
		7BA668A32DD892EC004DBBC3 /* SportsMethodType.swift in Sources */ = {isa = PBXBuildFile; fileRef = 7BA668A22DD892E5004DBBC3 /* SportsMethodType.swift */; };
		7BA668A62DD8930D004DBBC3 /* DateUtils.swift in Sources */ = {isa = PBXBuildFile; fileRef = 7BA668A52DD89308004DBBC3 /* DateUtils.swift */; };
		7BA668AA2DD89367004DBBC3 /* URLRequestBuilder.swift in Sources */ = {isa = PBXBuildFile; fileRef = 7BA668A92DD89365004DBBC3 /* URLRequestBuilder.swift */; };
		7BA668AC2DD893F6004DBBC3 /* NetworkProtocol.swift in Sources */ = {isa = PBXBuildFile; fileRef = 7BA668AB2DD893EC004DBBC3 /* NetworkProtocol.swift */; };
		7BA668AE2DD89803004DBBC3 /* URLRequestParams.swift in Sources */ = {isa = PBXBuildFile; fileRef = 7BA668AD2DD897FC004DBBC3 /* URLRequestParams.swift */; };
		7BA668B12DD89832004DBBC3 /* FixturesRquestParams.swift in Sources */ = {isa = PBXBuildFile; fileRef = 7BA668B02DD89830004DBBC3 /* FixturesRquestParams.swift */; };
		7BA668B32DD89859004DBBC3 /* LeaguesRquestParams.swift in Sources */ = {isa = PBXBuildFile; fileRef = 7BA668B22DD89858004DBBC3 /* LeaguesRquestParams.swift */; };
		7BA668B52DD8D9F0004DBBC3 /* LeagueStandingsResponse.swift in Sources */ = {isa = PBXBuildFile; fileRef = 7BA668B42DD8D9F0004DBBC3 /* LeagueStandingsResponse.swift */; };
		7BA668B72DD8DA32004DBBC3 /* TeamStanding.swift in Sources */ = {isa = PBXBuildFile; fileRef = 7BA668B62DD8DA29004DBBC3 /* TeamStanding.swift */; };
		7BA668B92DD8DB27004DBBC3 /* TeamsResponse.swift in Sources */ = {isa = PBXBuildFile; fileRef = 7BA668B82DD8DB19004DBBC3 /* TeamsResponse.swift */; };
		7BA668BB2DD8DB44004DBBC3 /* Team.swift in Sources */ = {isa = PBXBuildFile; fileRef = 7BA668BA2DD8DB3B004DBBC3 /* Team.swift */; };
		7BA668BD2DD8DB8E004DBBC3 /*  Player.swift in Sources */ = {isa = PBXBuildFile; fileRef = 7BA668BC2DD8DB84004DBBC3 /*  Player.swift */; };
		7BA668C12DD8E115004DBBC3 /* StandingRequestParams.swift in Sources */ = {isa = PBXBuildFile; fileRef = 7BA668C02DD8E0FC004DBBC3 /* StandingRequestParams.swift */; };
		7BA668C32DD8E28A004DBBC3 /* TeamsRequestParams.swift in Sources */ = {isa = PBXBuildFile; fileRef = 7BA668C22DD8E27B004DBBC3 /* TeamsRequestParams.swift */; };
		7BA668CA2DD9134E004DBBC3 /* FixtureCollectionViewCell.swift in Sources */ = {isa = PBXBuildFile; fileRef = 7BA668C82DD9134E004DBBC3 /* FixtureCollectionViewCell.swift */; };
		7BA668CB2DD9134E004DBBC3 /* FixtureCollectionViewCell.xib in Resources */ = {isa = PBXBuildFile; fileRef = 7BA668C92DD9134E004DBBC3 /* FixtureCollectionViewCell.xib */; };
		7BA668CE2DD91376004DBBC3 /* LeaguesTeamCollectionViewCell.swift in Sources */ = {isa = PBXBuildFile; fileRef = 7BA668CC2DD91376004DBBC3 /* LeaguesTeamCollectionViewCell.swift */; };
		7BA668CF2DD91376004DBBC3 /* LeaguesTeamCollectionViewCell.xib in Resources */ = {isa = PBXBuildFile; fileRef = 7BA668CD2DD91376004DBBC3 /* LeaguesTeamCollectionViewCell.xib */; };
		7BA668D12DD92CB2004DBBC3 /* SectionType .swift in Sources */ = {isa = PBXBuildFile; fileRef = 7BA668D02DD92CA3004DBBC3 /* SectionType .swift */; };
		7BA668D42DD93098004DBBC3 /* SectionHeaderView.swift in Sources */ = {isa = PBXBuildFile; fileRef = 7BA668D22DD93098004DBBC3 /* SectionHeaderView.swift */; };
		7BA668D52DD93098004DBBC3 /* SectionHeaderView.xib in Resources */ = {isa = PBXBuildFile; fileRef = 7BA668D32DD93098004DBBC3 /* SectionHeaderView.xib */; };
/* End PBXBuildFile section */

/* Begin PBXContainerItemProxy section */
		7B1ED0922DE094B800B533EF /* PBXContainerItemProxy */ = {
			isa = PBXContainerItemProxy;
			containerPortal = 228936932DD54A7800B00E05 /* Project object */;
			proxyType = 1;
			remoteGlobalIDString = 2289369A2DD54A7800B00E05;
			remoteInfo = Sports_App;
		};
/* End PBXContainerItemProxy section */

/* Begin PBXFileReference section */
		2282E1C32DD6851F00858AD9 /* SportModel.swift */ = {isa = PBXFileReference; lastKnownFileType = sourcecode.swift; path = SportModel.swift; sourceTree = "<group>"; };
		2282E1C52DD6872700858AD9 /* SportCollectionViewCell.swift */ = {isa = PBXFileReference; lastKnownFileType = sourcecode.swift; path = SportCollectionViewCell.swift; sourceTree = "<group>"; };
		2282E1C62DD6872700858AD9 /* SportCollectionViewCell.xib */ = {isa = PBXFileReference; lastKnownFileType = file.xib; path = SportCollectionViewCell.xib; sourceTree = "<group>"; };
		22842B9A2DDCC4B600262BA5 /* PlayerTableViewCell.swift */ = {isa = PBXFileReference; lastKnownFileType = sourcecode.swift; path = PlayerTableViewCell.swift; sourceTree = "<group>"; };
		22842B9B2DDCC4B600262BA5 /* PlayerTableViewCell.xib */ = {isa = PBXFileReference; lastKnownFileType = file.xib; path = PlayerTableViewCell.xib; sourceTree = "<group>"; };
		2284FE9E2DD62CAC005596BE /* NetworkManager.swift */ = {isa = PBXFileReference; lastKnownFileType = sourcecode.swift; path = NetworkManager.swift; sourceTree = "<group>"; };
		2284FEA12DD6388C005596BE /* LeagueResponse.swift */ = {isa = PBXFileReference; lastKnownFileType = sourcecode.swift; path = LeagueResponse.swift; sourceTree = "<group>"; };
		2284FEA32DD638CB005596BE /* LeagueModel.swift */ = {isa = PBXFileReference; lastKnownFileType = sourcecode.swift; path = LeagueModel.swift; sourceTree = "<group>"; };
		2284FEA82DD63AEE005596BE /* LeagueViewController.swift */ = {isa = PBXFileReference; lastKnownFileType = sourcecode.swift; path = LeagueViewController.swift; sourceTree = "<group>"; };
		2284FEA92DD63AEE005596BE /* LeagueViewController.xib */ = {isa = PBXFileReference; lastKnownFileType = file.xib; path = LeagueViewController.xib; sourceTree = "<group>"; };
		2284FEAE2DD63DA3005596BE /* LeagueTableViewCell.swift */ = {isa = PBXFileReference; lastKnownFileType = sourcecode.swift; path = LeagueTableViewCell.swift; sourceTree = "<group>"; };
		2284FEAF2DD63DA3005596BE /* LeagueTableViewCell.xib */ = {isa = PBXFileReference; lastKnownFileType = file.xib; path = LeagueTableViewCell.xib; sourceTree = "<group>"; };
		2284FEB22DD641F5005596BE /* LeaguesViewProtocol.swift */ = {isa = PBXFileReference; lastKnownFileType = sourcecode.swift; path = LeaguesViewProtocol.swift; sourceTree = "<group>"; };
		2284FEB42DD64273005596BE /* LeaguesPresenter.swift */ = {isa = PBXFileReference; lastKnownFileType = sourcecode.swift; path = LeaguesPresenter.swift; sourceTree = "<group>"; };
		228510D62DDB051E0061FA1F /* League.swift */ = {isa = PBXFileReference; lastKnownFileType = sourcecode.swift; path = League.swift; sourceTree = "<group>"; };
		228510D82DDB054A0061FA1F /* FavouritesViewController.swift */ = {isa = PBXFileReference; lastKnownFileType = sourcecode.swift; path = FavouritesViewController.swift; sourceTree = "<group>"; };
		228510D92DDB054A0061FA1F /* FavouritesViewController.xib */ = {isa = PBXFileReference; lastKnownFileType = file.xib; path = FavouritesViewController.xib; sourceTree = "<group>"; };
		228510DC2DDB05670061FA1F /* FavouriteCellProtocol.swift */ = {isa = PBXFileReference; lastKnownFileType = sourcecode.swift; path = FavouriteCellProtocol.swift; sourceTree = "<group>"; };
		228510DF2DDB05CA0061FA1F /* LocalDBManager.swift */ = {isa = PBXFileReference; lastKnownFileType = sourcecode.swift; path = LocalDBManager.swift; sourceTree = "<group>"; };
		228511382DDB9CAB0061FA1F /* TeamViewController.swift */ = {isa = PBXFileReference; lastKnownFileType = sourcecode.swift; path = TeamViewController.swift; sourceTree = "<group>"; };
		228511392DDB9CAB0061FA1F /* TeamViewController.xib */ = {isa = PBXFileReference; lastKnownFileType = file.xib; path = TeamViewController.xib; sourceTree = "<group>"; };
		2285113C2DDBAA950061FA1F /* TeamViewProtocol.swift */ = {isa = PBXFileReference; lastKnownFileType = sourcecode.swift; path = TeamViewProtocol.swift; sourceTree = "<group>"; };
		2285113E2DDBAAD20061FA1F /* TeamPresenter.swift */ = {isa = PBXFileReference; lastKnownFileType = sourcecode.swift; path = TeamPresenter.swift; sourceTree = "<group>"; };
		2289369B2DD54A7800B00E05 /* Sports_App.app */ = {isa = PBXFileReference; explicitFileType = wrapper.application; includeInIndex = 0; path = Sports_App.app; sourceTree = BUILT_PRODUCTS_DIR; };
		2289369E2DD54A7800B00E05 /* AppDelegate.swift */ = {isa = PBXFileReference; lastKnownFileType = sourcecode.swift; path = AppDelegate.swift; sourceTree = "<group>"; };
		228936A02DD54A7800B00E05 /* SceneDelegate.swift */ = {isa = PBXFileReference; lastKnownFileType = sourcecode.swift; path = SceneDelegate.swift; sourceTree = "<group>"; };
		228936A22DD54A7800B00E05 /* ViewController.swift */ = {isa = PBXFileReference; lastKnownFileType = sourcecode.swift; path = ViewController.swift; sourceTree = "<group>"; };
		228936A52DD54A7800B00E05 /* Base */ = {isa = PBXFileReference; lastKnownFileType = file.storyboard; name = Base; path = Base.lproj/Main.storyboard; sourceTree = "<group>"; };
		228936A82DD54A7800B00E05 /* Sports_App.xcdatamodel */ = {isa = PBXFileReference; lastKnownFileType = wrapper.xcdatamodel; path = Sports_App.xcdatamodel; sourceTree = "<group>"; };
		228936AA2DD54A7B00B00E05 /* Assets.xcassets */ = {isa = PBXFileReference; lastKnownFileType = folder.assetcatalog; path = Assets.xcassets; sourceTree = "<group>"; };
		228936AD2DD54A7B00B00E05 /* Base */ = {isa = PBXFileReference; lastKnownFileType = file.storyboard; name = Base; path = Base.lproj/LaunchScreen.storyboard; sourceTree = "<group>"; };
		228936AF2DD54A7B00B00E05 /* Info.plist */ = {isa = PBXFileReference; lastKnownFileType = text.plist.xml; path = Info.plist; sourceTree = "<group>"; };
		229D630D2DDFBCB800CFE620 /* OnboardingViewController.swift */ = {isa = PBXFileReference; lastKnownFileType = sourcecode.swift; path = OnboardingViewController.swift; sourceTree = "<group>"; };
		229D630E2DDFBCB800CFE620 /* OnboardingViewController.xib */ = {isa = PBXFileReference; lastKnownFileType = file.xib; path = OnboardingViewController.xib; sourceTree = "<group>"; };
		229D63112DDFC02C00CFE620 /* extentionForView.swift */ = {isa = PBXFileReference; lastKnownFileType = sourcecode.swift; path = extentionForView.swift; sourceTree = "<group>"; };
		229D63132DDFC10200CFE620 /* OnboardingSlide.swift */ = {isa = PBXFileReference; lastKnownFileType = sourcecode.swift; path = OnboardingSlide.swift; sourceTree = "<group>"; };
		229D63152DDFC3FD00CFE620 /* OnboardingCollectionViewCell.swift */ = {isa = PBXFileReference; lastKnownFileType = sourcecode.swift; path = OnboardingCollectionViewCell.swift; sourceTree = "<group>"; };
		229D63162DDFC3FD00CFE620 /* OnboardingCollectionViewCell.xib */ = {isa = PBXFileReference; lastKnownFileType = file.xib; path = OnboardingCollectionViewCell.xib; sourceTree = "<group>"; };
		7B1ED08E2DE094B800B533EF /* Sports_AppTests.xctest */ = {isa = PBXFileReference; explicitFileType = wrapper.cfbundle; includeInIndex = 0; path = Sports_AppTests.xctest; sourceTree = BUILT_PRODUCTS_DIR; };
		7B67B5252DDCEDA900E50EBF /* SplashViewController.swift */ = {isa = PBXFileReference; lastKnownFileType = sourcecode.swift; path = SplashViewController.swift; sourceTree = "<group>"; };
		7B67B5302DDD073400E50EBF /* cricket.json */ = {isa = PBXFileReference; lastKnownFileType = text.json; path = cricket.json; sourceTree = "<group>"; };
		7B67B5312DDD073400E50EBF /* football.json */ = {isa = PBXFileReference; lastKnownFileType = text.json; path = football.json; sourceTree = "<group>"; };
		7B67B5322DDD073400E50EBF /* tennis.json */ = {isa = PBXFileReference; lastKnownFileType = text.json; path = tennis.json; sourceTree = "<group>"; };
		7B67B53B2DDD176700E50EBF /* basketball.json */ = {isa = PBXFileReference; lastKnownFileType = text.json; path = basketball.json; sourceTree = "<group>"; };
		7B67B53D2DDD194500E50EBF /* splash-animation.json */ = {isa = PBXFileReference; lastKnownFileType = text.json; path = "splash-animation.json"; sourceTree = "<group>"; };
		7BA668762DD74E99004DBBC3 /* APIRouter.swift */ = {isa = PBXFileReference; lastKnownFileType = sourcecode.swift; path = APIRouter.swift; sourceTree = "<group>"; };
		7BA668782DD75E5E004DBBC3 /* FixtureResponse.swift */ = {isa = PBXFileReference; lastKnownFileType = sourcecode.swift; path = FixtureResponse.swift; sourceTree = "<group>"; };
		7BA6687A2DD75EA6004DBBC3 /* FixtureModel.swift */ = {isa = PBXFileReference; lastKnownFileType = sourcecode.swift; path = FixtureModel.swift; sourceTree = "<group>"; };
		7BA6687F2DD7653E004DBBC3 /* DetialsViewProtocol.swift */ = {isa = PBXFileReference; lastKnownFileType = sourcecode.swift; path = DetialsViewProtocol.swift; sourceTree = "<group>"; };
		7BA668812DD7664E004DBBC3 /* DetialsPresenter.swift */ = {isa = PBXFileReference; lastKnownFileType = sourcecode.swift; path = DetialsPresenter.swift; sourceTree = "<group>"; };
		7BA668832DD76BDE004DBBC3 /* DetialsCollectionViewController.swift */ = {isa = PBXFileReference; lastKnownFileType = sourcecode.swift; path = DetialsCollectionViewController.swift; sourceTree = "<group>"; };
		7BA668842DD76BDE004DBBC3 /* DetialsCollectionViewController.xib */ = {isa = PBXFileReference; lastKnownFileType = file.xib; path = DetialsCollectionViewController.xib; sourceTree = "<group>"; };
		7BA668A02DD89288004DBBC3 /* SportsType.swift */ = {isa = PBXFileReference; lastKnownFileType = sourcecode.swift; path = SportsType.swift; sourceTree = "<group>"; };
		7BA668A22DD892E5004DBBC3 /* SportsMethodType.swift */ = {isa = PBXFileReference; lastKnownFileType = sourcecode.swift; path = SportsMethodType.swift; sourceTree = "<group>"; };
		7BA668A52DD89308004DBBC3 /* DateUtils.swift */ = {isa = PBXFileReference; lastKnownFileType = sourcecode.swift; path = DateUtils.swift; sourceTree = "<group>"; };
		7BA668A92DD89365004DBBC3 /* URLRequestBuilder.swift */ = {isa = PBXFileReference; lastKnownFileType = sourcecode.swift; path = URLRequestBuilder.swift; sourceTree = "<group>"; };
		7BA668AB2DD893EC004DBBC3 /* NetworkProtocol.swift */ = {isa = PBXFileReference; lastKnownFileType = sourcecode.swift; path = NetworkProtocol.swift; sourceTree = "<group>"; };
		7BA668AD2DD897FC004DBBC3 /* URLRequestParams.swift */ = {isa = PBXFileReference; lastKnownFileType = sourcecode.swift; path = URLRequestParams.swift; sourceTree = "<group>"; };
		7BA668B02DD89830004DBBC3 /* FixturesRquestParams.swift */ = {isa = PBXFileReference; lastKnownFileType = sourcecode.swift; path = FixturesRquestParams.swift; sourceTree = "<group>"; };
		7BA668B22DD89858004DBBC3 /* LeaguesRquestParams.swift */ = {isa = PBXFileReference; lastKnownFileType = sourcecode.swift; path = LeaguesRquestParams.swift; sourceTree = "<group>"; };
		7BA668B42DD8D9F0004DBBC3 /* LeagueStandingsResponse.swift */ = {isa = PBXFileReference; lastKnownFileType = sourcecode.swift; path = LeagueStandingsResponse.swift; sourceTree = "<group>"; };
		7BA668B62DD8DA29004DBBC3 /* TeamStanding.swift */ = {isa = PBXFileReference; lastKnownFileType = sourcecode.swift; path = TeamStanding.swift; sourceTree = "<group>"; };
		7BA668B82DD8DB19004DBBC3 /* TeamsResponse.swift */ = {isa = PBXFileReference; lastKnownFileType = sourcecode.swift; path = TeamsResponse.swift; sourceTree = "<group>"; };
		7BA668BA2DD8DB3B004DBBC3 /* Team.swift */ = {isa = PBXFileReference; lastKnownFileType = sourcecode.swift; path = Team.swift; sourceTree = "<group>"; };
		7BA668BC2DD8DB84004DBBC3 /*  Player.swift */ = {isa = PBXFileReference; lastKnownFileType = sourcecode.swift; path = " Player.swift"; sourceTree = "<group>"; };
		7BA668C02DD8E0FC004DBBC3 /* StandingRequestParams.swift */ = {isa = PBXFileReference; lastKnownFileType = sourcecode.swift; path = StandingRequestParams.swift; sourceTree = "<group>"; };
		7BA668C22DD8E27B004DBBC3 /* TeamsRequestParams.swift */ = {isa = PBXFileReference; lastKnownFileType = sourcecode.swift; path = TeamsRequestParams.swift; sourceTree = "<group>"; };
		7BA668C82DD9134E004DBBC3 /* FixtureCollectionViewCell.swift */ = {isa = PBXFileReference; lastKnownFileType = sourcecode.swift; path = FixtureCollectionViewCell.swift; sourceTree = "<group>"; };
		7BA668C92DD9134E004DBBC3 /* FixtureCollectionViewCell.xib */ = {isa = PBXFileReference; lastKnownFileType = file.xib; path = FixtureCollectionViewCell.xib; sourceTree = "<group>"; };
		7BA668CC2DD91376004DBBC3 /* LeaguesTeamCollectionViewCell.swift */ = {isa = PBXFileReference; lastKnownFileType = sourcecode.swift; path = LeaguesTeamCollectionViewCell.swift; sourceTree = "<group>"; };
		7BA668CD2DD91376004DBBC3 /* LeaguesTeamCollectionViewCell.xib */ = {isa = PBXFileReference; lastKnownFileType = file.xib; path = LeaguesTeamCollectionViewCell.xib; sourceTree = "<group>"; };
		7BA668D02DD92CA3004DBBC3 /* SectionType .swift */ = {isa = PBXFileReference; lastKnownFileType = sourcecode.swift; path = "SectionType .swift"; sourceTree = "<group>"; };
		7BA668D22DD93098004DBBC3 /* SectionHeaderView.swift */ = {isa = PBXFileReference; lastKnownFileType = sourcecode.swift; path = SectionHeaderView.swift; sourceTree = "<group>"; };
		7BA668D32DD93098004DBBC3 /* SectionHeaderView.xib */ = {isa = PBXFileReference; lastKnownFileType = file.xib; path = SectionHeaderView.xib; sourceTree = "<group>"; };
/* End PBXFileReference section */

/* Begin PBXFileSystemSynchronizedRootGroup section */
		7B1ED08F2DE094B800B533EF /* Sports_AppTests */ = {isa = PBXFileSystemSynchronizedRootGroup; explicitFileTypes = {}; explicitFolders = (); path = Sports_AppTests; sourceTree = "<group>"; };
/* End PBXFileSystemSynchronizedRootGroup section */

/* Begin PBXFrameworksBuildPhase section */
		228936982DD54A7800B00E05 /* Frameworks */ = {
			isa = PBXFrameworksBuildPhase;
			buildActionMask = 2147483647;
			files = (
				7B67B52B2DDCEF5800E50EBF /* Lottie in Frameworks */,
				228936BC2DD54B3200B00E05 /* Alamofire in Frameworks */,
				228936C12DD54B4500B00E05 /* Reachability in Frameworks */,
				228936B92DD54AED00B00E05 /* SDWebImageMapKit in Frameworks */,
				228936B72DD54AED00B00E05 /* SDWebImage in Frameworks */,
			);
			runOnlyForDeploymentPostprocessing = 0;
		};
		7B1ED08B2DE094B800B533EF /* Frameworks */ = {
			isa = PBXFrameworksBuildPhase;
			buildActionMask = 2147483647;
			files = (
			);
			runOnlyForDeploymentPostprocessing = 0;
		};
/* End PBXFrameworksBuildPhase section */

/* Begin PBXGroup section */
		2282E1BD2DD6836100858AD9 /* Home */ = {
			isa = PBXGroup;
			children = (
				2282E1C22DD6850F00858AD9 /* model */,
				2282E1C12DD683A700858AD9 /* view */,
			);
			path = Home;
			sourceTree = "<group>";
		};
		2282E1C12DD683A700858AD9 /* view */ = {
			isa = PBXGroup;
			children = (
				228936A22DD54A7800B00E05 /* ViewController.swift */,
				2282E1C52DD6872700858AD9 /* SportCollectionViewCell.swift */,
				2282E1C62DD6872700858AD9 /* SportCollectionViewCell.xib */,
			);
			path = view;
			sourceTree = "<group>";
		};
		2282E1C22DD6850F00858AD9 /* model */ = {
			isa = PBXGroup;
			children = (
				2282E1C32DD6851F00858AD9 /* SportModel.swift */,
			);
			path = model;
			sourceTree = "<group>";
		};
		2284FE9C2DD62C86005596BE /* Model */ = {
			isa = PBXGroup;
			children = (
				228510DE2DDB05B90061FA1F /* Local */,
				7BA668A42DD892FD004DBBC3 /* Utils */,
				2284FEA02DD63876005596BE /* models */,
				2284FE9D2DD62C8C005596BE /* Network */,
			);
			path = Model;
			sourceTree = "<group>";
		};
		2284FE9D2DD62C8C005596BE /* Network */ = {
			isa = PBXGroup;
			children = (
				7BA668A72DD8933E004DBBC3 /* Routers */,
				7BA668AB2DD893EC004DBBC3 /* NetworkProtocol.swift */,
				2284FE9E2DD62CAC005596BE /* NetworkManager.swift */,
			);
			path = Network;
			sourceTree = "<group>";
		};
		2284FEA02DD63876005596BE /* models */ = {
			isa = PBXGroup;
			children = (
				7BA668BE2DD8DCB2004DBBC3 /* Response */,
				7BA668BC2DD8DB84004DBBC3 /*  Player.swift */,
				7BA668BA2DD8DB3B004DBBC3 /* Team.swift */,
				7BA668B62DD8DA29004DBBC3 /* TeamStanding.swift */,
				7BA6687A2DD75EA6004DBBC3 /* FixtureModel.swift */,
				2284FEA32DD638CB005596BE /* LeagueModel.swift */,
			);
			path = models;
			sourceTree = "<group>";
		};
		2284FEA52DD63A75005596BE /* Leagues */ = {
			isa = PBXGroup;
			children = (
				2284FEA72DD63A9C005596BE /* leaguePresenter */,
				2284FEA62DD63A95005596BE /* view */,
			);
			path = Leagues;
			sourceTree = "<group>";
		};
		2284FEA62DD63A95005596BE /* view */ = {
			isa = PBXGroup;
			children = (
				2284FEA82DD63AEE005596BE /* LeagueViewController.swift */,
				2284FEA92DD63AEE005596BE /* LeagueViewController.xib */,
				2284FEAE2DD63DA3005596BE /* LeagueTableViewCell.swift */,
				2284FEAF2DD63DA3005596BE /* LeagueTableViewCell.xib */,
			);
			path = view;
			sourceTree = "<group>";
		};
		2284FEA72DD63A9C005596BE /* leaguePresenter */ = {
			isa = PBXGroup;
			children = (
				2284FEB22DD641F5005596BE /* LeaguesViewProtocol.swift */,
				2284FEB42DD64273005596BE /* LeaguesPresenter.swift */,
			);
			path = leaguePresenter;
			sourceTree = "<group>";
		};
		228510D22DDB04D00061FA1F /* Favourites */ = {
			isa = PBXGroup;
			children = (
				228510D52DDB04F30061FA1F /* model */,
				228510D42DDB04E80061FA1F /* favouritesPresenter */,
				228510D32DDB04E20061FA1F /* view */,
			);
			path = Favourites;
			sourceTree = "<group>";
		};
		228510D32DDB04E20061FA1F /* view */ = {
			isa = PBXGroup;
			children = (
				228510D82DDB054A0061FA1F /* FavouritesViewController.swift */,
				228510D92DDB054A0061FA1F /* FavouritesViewController.xib */,
			);
			path = view;
			sourceTree = "<group>";
		};
		228510D42DDB04E80061FA1F /* favouritesPresenter */ = {
			isa = PBXGroup;
			children = (
				228510DC2DDB05670061FA1F /* FavouriteCellProtocol.swift */,
			);
			path = favouritesPresenter;
			sourceTree = "<group>";
		};
		228510D52DDB04F30061FA1F /* model */ = {
			isa = PBXGroup;
			children = (
				228510D62DDB051E0061FA1F /* League.swift */,
			);
			path = model;
			sourceTree = "<group>";
		};
		228510DE2DDB05B90061FA1F /* Local */ = {
			isa = PBXGroup;
			children = (
				228510DF2DDB05CA0061FA1F /* LocalDBManager.swift */,
			);
			path = Local;
			sourceTree = "<group>";
		};
		228511342DDB9C5C0061FA1F /* Team */ = {
			isa = PBXGroup;
			children = (
				228511362DDB9C7B0061FA1F /* teamPresenter */,
				228511352DDB9C670061FA1F /* view */,
			);
			path = Team;
			sourceTree = "<group>";
		};
		228511352DDB9C670061FA1F /* view */ = {
			isa = PBXGroup;
			children = (
				228511382DDB9CAB0061FA1F /* TeamViewController.swift */,
				228511392DDB9CAB0061FA1F /* TeamViewController.xib */,
				22842B9A2DDCC4B600262BA5 /* PlayerTableViewCell.swift */,
				22842B9B2DDCC4B600262BA5 /* PlayerTableViewCell.xib */,
			);
			path = view;
			sourceTree = "<group>";
		};
		228511362DDB9C7B0061FA1F /* teamPresenter */ = {
			isa = PBXGroup;
			children = (
				2285113C2DDBAA950061FA1F /* TeamViewProtocol.swift */,
				2285113E2DDBAAD20061FA1F /* TeamPresenter.swift */,
			);
			path = teamPresenter;
			sourceTree = "<group>";
		};
		228936922DD54A7800B00E05 = {
			isa = PBXGroup;
			children = (
				2289369D2DD54A7800B00E05 /* Sports_App */,
				7B1ED08F2DE094B800B533EF /* Sports_AppTests */,
				2289369C2DD54A7800B00E05 /* Products */,
			);
			sourceTree = "<group>";
		};
		2289369C2DD54A7800B00E05 /* Products */ = {
			isa = PBXGroup;
			children = (
				2289369B2DD54A7800B00E05 /* Sports_App.app */,
				7B1ED08E2DE094B800B533EF /* Sports_AppTests.xctest */,
			);
			name = Products;
			sourceTree = "<group>";
		};
		2289369D2DD54A7800B00E05 /* Sports_App */ = {
			isa = PBXGroup;
			children = (
				229D630A2DDFBC5300CFE620 /* onboarding */,
				7B67B5202DDCEC7300E50EBF /* LaunchScreen */,
				228511342DDB9C5C0061FA1F /* Team */,
				228510D22DDB04D00061FA1F /* Favourites */,
				7BA6687C2DD76171004DBBC3 /* LeaguesDetials */,
				2282E1BD2DD6836100858AD9 /* Home */,
				2284FEA52DD63A75005596BE /* Leagues */,
				2284FE9C2DD62C86005596BE /* Model */,
				7B67B52E2DDD05DC00E50EBF /* Animations */,
				228936A02DD54A7800B00E05 /* SceneDelegate.swift */,
				2289369E2DD54A7800B00E05 /* AppDelegate.swift */,
				228936AC2DD54A7B00B00E05 /* LaunchScreen.storyboard */,
				228936A42DD54A7800B00E05 /* Main.storyboard */,
				228936AA2DD54A7B00B00E05 /* Assets.xcassets */,
				228936AF2DD54A7B00B00E05 /* Info.plist */,
				228936A72DD54A7800B00E05 /* Sports_App.xcdatamodeld */,
			);
			path = Sports_App;
			sourceTree = "<group>";
		};
		229D630A2DDFBC5300CFE620 /* onboarding */ = {
			isa = PBXGroup;
			children = (
				229D630C2DDFBC7A00CFE620 /* view */,
				229D630B2DDFBC6F00CFE620 /* model */,
			);
			path = onboarding;
			sourceTree = "<group>";
		};
		229D630B2DDFBC6F00CFE620 /* model */ = {
			isa = PBXGroup;
			children = (
				229D63132DDFC10200CFE620 /* OnboardingSlide.swift */,
			);
			path = model;
			sourceTree = "<group>";
		};
		229D630C2DDFBC7A00CFE620 /* view */ = {
			isa = PBXGroup;
			children = (
				229D630D2DDFBCB800CFE620 /* OnboardingViewController.swift */,
				229D630E2DDFBCB800CFE620 /* OnboardingViewController.xib */,
				229D63112DDFC02C00CFE620 /* extentionForView.swift */,
				229D63152DDFC3FD00CFE620 /* OnboardingCollectionViewCell.swift */,
				229D63162DDFC3FD00CFE620 /* OnboardingCollectionViewCell.xib */,
			);
			path = view;
			sourceTree = "<group>";
		};
		7B67B5202DDCEC7300E50EBF /* LaunchScreen */ = {
			isa = PBXGroup;
			children = (
				7B67B5252DDCEDA900E50EBF /* SplashViewController.swift */,
			);
			path = LaunchScreen;
			sourceTree = "<group>";
		};
		7B67B52E2DDD05DC00E50EBF /* Animations */ = {
			isa = PBXGroup;
			children = (
				7B67B5302DDD073400E50EBF /* cricket.json */,
				7B67B5312DDD073400E50EBF /* football.json */,
				7B67B5322DDD073400E50EBF /* tennis.json */,
				7B67B53B2DDD176700E50EBF /* basketball.json */,
				7B67B53D2DDD194500E50EBF /* splash-animation.json */,
			);
			path = Animations;
			sourceTree = "<group>";
		};
		7BA6687C2DD76171004DBBC3 /* LeaguesDetials */ = {
			isa = PBXGroup;
			children = (
				7BA6687E2DD761AA004DBBC3 /* DetialsView */,
				7BA6687D2DD76192004DBBC3 /* DetialsPresenter */,
			);
			path = LeaguesDetials;
			sourceTree = "<group>";
		};
		7BA6687D2DD76192004DBBC3 /* DetialsPresenter */ = {
			isa = PBXGroup;
			children = (
				7BA668812DD7664E004DBBC3 /* DetialsPresenter.swift */,
				7BA6687F2DD7653E004DBBC3 /* DetialsViewProtocol.swift */,
			);
			path = DetialsPresenter;
			sourceTree = "<group>";
		};
		7BA6687E2DD761AA004DBBC3 /* DetialsView */ = {
			isa = PBXGroup;
			children = (
				7BA668D82DD94027004DBBC3 /* Header */,
				7BA668D72DD9400B004DBBC3 /* CollectionView */,
				7BA668D62DD93FCA004DBBC3 /* CollectionCells */,
			);
			path = DetialsView;
			sourceTree = "<group>";
		};
		7BA6689F2DD89280004DBBC3 /* Enums */ = {
			isa = PBXGroup;
			children = (
				7BA668762DD74E99004DBBC3 /* APIRouter.swift */,
				7BA668A22DD892E5004DBBC3 /* SportsMethodType.swift */,
				7BA668A02DD89288004DBBC3 /* SportsType.swift */,
			);
			path = Enums;
			sourceTree = "<group>";
		};
		7BA668A42DD892FD004DBBC3 /* Utils */ = {
			isa = PBXGroup;
			children = (
				7BA668A52DD89308004DBBC3 /* DateUtils.swift */,
			);
			path = Utils;
			sourceTree = "<group>";
		};
		7BA668A72DD8933E004DBBC3 /* Routers */ = {
			isa = PBXGroup;
			children = (
				7BA668AF2DD89820004DBBC3 /* URLRequestParams */,
				7BA668A82DD8935A004DBBC3 /* Protocols */,
				7BA6689F2DD89280004DBBC3 /* Enums */,
			);
			path = Routers;
			sourceTree = "<group>";
		};
		7BA668A82DD8935A004DBBC3 /* Protocols */ = {
			isa = PBXGroup;
			children = (
				7BA668AD2DD897FC004DBBC3 /* URLRequestParams.swift */,
				7BA668A92DD89365004DBBC3 /* URLRequestBuilder.swift */,
			);
			path = Protocols;
			sourceTree = "<group>";
		};
		7BA668AF2DD89820004DBBC3 /* URLRequestParams */ = {
			isa = PBXGroup;
			children = (
				7BA668C02DD8E0FC004DBBC3 /* StandingRequestParams.swift */,
				7BA668B22DD89858004DBBC3 /* LeaguesRquestParams.swift */,
				7BA668B02DD89830004DBBC3 /* FixturesRquestParams.swift */,
				7BA668C22DD8E27B004DBBC3 /* TeamsRequestParams.swift */,
			);
			path = URLRequestParams;
			sourceTree = "<group>";
		};
		7BA668BE2DD8DCB2004DBBC3 /* Response */ = {
			isa = PBXGroup;
			children = (
				7BA668B82DD8DB19004DBBC3 /* TeamsResponse.swift */,
				7BA668782DD75E5E004DBBC3 /* FixtureResponse.swift */,
				2284FEA12DD6388C005596BE /* LeagueResponse.swift */,
				7BA668B42DD8D9F0004DBBC3 /* LeagueStandingsResponse.swift */,
			);
			path = Response;
			sourceTree = "<group>";
		};
		7BA668D62DD93FCA004DBBC3 /* CollectionCells */ = {
			isa = PBXGroup;
			children = (
				7BA668C82DD9134E004DBBC3 /* FixtureCollectionViewCell.swift */,
				7BA668C92DD9134E004DBBC3 /* FixtureCollectionViewCell.xib */,
				7BA668CC2DD91376004DBBC3 /* LeaguesTeamCollectionViewCell.swift */,
				7BA668CD2DD91376004DBBC3 /* LeaguesTeamCollectionViewCell.xib */,
			);
			path = CollectionCells;
			sourceTree = "<group>";
		};
		7BA668D72DD9400B004DBBC3 /* CollectionView */ = {
			isa = PBXGroup;
			children = (
				7BA668832DD76BDE004DBBC3 /* DetialsCollectionViewController.swift */,
				7BA668842DD76BDE004DBBC3 /* DetialsCollectionViewController.xib */,
				7BA668D02DD92CA3004DBBC3 /* SectionType .swift */,
			);
			path = CollectionView;
			sourceTree = "<group>";
		};
		7BA668D82DD94027004DBBC3 /* Header */ = {
			isa = PBXGroup;
			children = (
				7BA668D22DD93098004DBBC3 /* SectionHeaderView.swift */,
				7BA668D32DD93098004DBBC3 /* SectionHeaderView.xib */,
			);
			path = Header;
			sourceTree = "<group>";
		};
/* End PBXGroup section */

/* Begin PBXNativeTarget section */
		2289369A2DD54A7800B00E05 /* Sports_App */ = {
			isa = PBXNativeTarget;
			buildConfigurationList = 228936B22DD54A7B00B00E05 /* Build configuration list for PBXNativeTarget "Sports_App" */;
			buildPhases = (
				228936972DD54A7800B00E05 /* Sources */,
				228936982DD54A7800B00E05 /* Frameworks */,
				228936992DD54A7800B00E05 /* Resources */,
			);
			buildRules = (
			);
			dependencies = (
			);
			name = Sports_App;
			packageProductDependencies = (
				228936B62DD54AED00B00E05 /* SDWebImage */,
				228936B82DD54AED00B00E05 /* SDWebImageMapKit */,
				228936BB2DD54B3200B00E05 /* Alamofire */,
				228936C02DD54B4500B00E05 /* Reachability */,
				7B67B52A2DDCEF5800E50EBF /* Lottie */,
			);
			productName = Sports_App;
			productReference = 2289369B2DD54A7800B00E05 /* Sports_App.app */;
			productType = "com.apple.product-type.application";
		};
		7B1ED08D2DE094B800B533EF /* Sports_AppTests */ = {
			isa = PBXNativeTarget;
			buildConfigurationList = 7B1ED0962DE094B800B533EF /* Build configuration list for PBXNativeTarget "Sports_AppTests" */;
			buildPhases = (
				7B1ED08A2DE094B800B533EF /* Sources */,
				7B1ED08B2DE094B800B533EF /* Frameworks */,
				7B1ED08C2DE094B800B533EF /* Resources */,
			);
			buildRules = (
			);
			dependencies = (
				7B1ED0932DE094B800B533EF /* PBXTargetDependency */,
			);
			fileSystemSynchronizedGroups = (
				7B1ED08F2DE094B800B533EF /* Sports_AppTests */,
			);
			name = Sports_AppTests;
			packageProductDependencies = (
			);
			productName = Sports_AppTests;
			productReference = 7B1ED08E2DE094B800B533EF /* Sports_AppTests.xctest */;
			productType = "com.apple.product-type.bundle.unit-test";
		};
/* End PBXNativeTarget section */

/* Begin PBXProject section */
		228936932DD54A7800B00E05 /* Project object */ = {
			isa = PBXProject;
			attributes = {
				BuildIndependentTargetsInParallel = 1;
				LastSwiftUpdateCheck = 1630;
				LastUpgradeCheck = 1500;
				TargetAttributes = {
					2289369A2DD54A7800B00E05 = {
						CreatedOnToolsVersion = 15.0;
					};
					7B1ED08D2DE094B800B533EF = {
						CreatedOnToolsVersion = 16.3;
						TestTargetID = 2289369A2DD54A7800B00E05;
					};
				};
			};
			buildConfigurationList = 228936962DD54A7800B00E05 /* Build configuration list for PBXProject "Sports_App" */;
			compatibilityVersion = "Xcode 14.0";
			developmentRegion = en;
			hasScannedForEncodings = 0;
			knownRegions = (
				en,
				Base,
			);
			mainGroup = 228936922DD54A7800B00E05;
			packageReferences = (
				228936B52DD54AED00B00E05 /* XCRemoteSwiftPackageReference "SDWebImage" */,
				228936BA2DD54B3200B00E05 /* XCRemoteSwiftPackageReference "Alamofire" */,
				228936BF2DD54B4500B00E05 /* XCRemoteSwiftPackageReference "Reachability" */,
				7B67B5292DDCEF5800E50EBF /* XCRemoteSwiftPackageReference "lottie-ios" */,
			);
			productRefGroup = 2289369C2DD54A7800B00E05 /* Products */;
			projectDirPath = "";
			projectRoot = "";
			targets = (
				2289369A2DD54A7800B00E05 /* Sports_App */,
				7B1ED08D2DE094B800B533EF /* Sports_AppTests */,
			);
		};
/* End PBXProject section */

/* Begin PBXResourcesBuildPhase section */
		228936992DD54A7800B00E05 /* Resources */ = {
			isa = PBXResourcesBuildPhase;
			buildActionMask = 2147483647;
			files = (
				7BA668862DD76BDE004DBBC3 /* DetialsCollectionViewController.xib in Resources */,
				7B67B5342DDD073400E50EBF /* cricket.json in Resources */,
				7B67B53E2DDD194500E50EBF /* splash-animation.json in Resources */,
				7B67B5352DDD073400E50EBF /* tennis.json in Resources */,
				7B67B5362DDD073400E50EBF /* football.json in Resources */,
				2285113B2DDB9CAB0061FA1F /* TeamViewController.xib in Resources */,
				228936AE2DD54A7B00B00E05 /* LaunchScreen.storyboard in Resources */,
				228936AB2DD54A7B00B00E05 /* Assets.xcassets in Resources */,
				229D63102DDFBCB800CFE620 /* OnboardingViewController.xib in Resources */,
				2284FEB12DD63DA3005596BE /* LeagueTableViewCell.xib in Resources */,
				7B67B53C2DDD176700E50EBF /* basketball.json in Resources */,
				228510DB2DDB054A0061FA1F /* FavouritesViewController.xib in Resources */,
				7BA668CB2DD9134E004DBBC3 /* FixtureCollectionViewCell.xib in Resources */,
				22842B9D2DDCC4B600262BA5 /* PlayerTableViewCell.xib in Resources */,
				229D63182DDFC3FD00CFE620 /* OnboardingCollectionViewCell.xib in Resources */,
				2282E1C82DD6872700858AD9 /* SportCollectionViewCell.xib in Resources */,
				7BA668CF2DD91376004DBBC3 /* LeaguesTeamCollectionViewCell.xib in Resources */,
				7BA668D52DD93098004DBBC3 /* SectionHeaderView.xib in Resources */,
				228936A62DD54A7800B00E05 /* Main.storyboard in Resources */,
				2284FEAB2DD63AEE005596BE /* LeagueViewController.xib in Resources */,
			);
			runOnlyForDeploymentPostprocessing = 0;
		};
		7B1ED08C2DE094B800B533EF /* Resources */ = {
			isa = PBXResourcesBuildPhase;
			buildActionMask = 2147483647;
			files = (
			);
			runOnlyForDeploymentPostprocessing = 0;
		};
/* End PBXResourcesBuildPhase section */

/* Begin PBXSourcesBuildPhase section */
		228936972DD54A7800B00E05 /* Sources */ = {
			isa = PBXSourcesBuildPhase;
			buildActionMask = 2147483647;
			files = (
				2282E1C42DD6851F00858AD9 /* SportModel.swift in Sources */,
				228936A32DD54A7800B00E05 /* ViewController.swift in Sources */,
				2284FEB32DD641F5005596BE /* LeaguesViewProtocol.swift in Sources */,
				7BA668B92DD8DB27004DBBC3 /* TeamsResponse.swift in Sources */,
				7BA668B32DD89859004DBBC3 /* LeaguesRquestParams.swift in Sources */,
				2284FEB52DD64273005596BE /* LeaguesPresenter.swift in Sources */,
				7BA668BB2DD8DB44004DBBC3 /* Team.swift in Sources */,
				7BA668AE2DD89803004DBBC3 /* URLRequestParams.swift in Sources */,
				228510DA2DDB054A0061FA1F /* FavouritesViewController.swift in Sources */,
				7BA668802DD7653E004DBBC3 /* DetialsViewProtocol.swift in Sources */,
				7BA668D42DD93098004DBBC3 /* SectionHeaderView.swift in Sources */,
				2285113F2DDBAAD20061FA1F /* TeamPresenter.swift in Sources */,
				2289369F2DD54A7800B00E05 /* AppDelegate.swift in Sources */,
				7BA6687B2DD75EB0004DBBC3 /* FixtureModel.swift in Sources */,
				7BA668772DD74EAB004DBBC3 /* APIRouter.swift in Sources */,
				7BA668AC2DD893F6004DBBC3 /* NetworkProtocol.swift in Sources */,
				2285113A2DDB9CAB0061FA1F /* TeamViewController.swift in Sources */,
				7BA668B12DD89832004DBBC3 /* FixturesRquestParams.swift in Sources */,
				2285113D2DDBAA950061FA1F /* TeamViewProtocol.swift in Sources */,
				7BA668A32DD892EC004DBBC3 /* SportsMethodType.swift in Sources */,
				229D63172DDFC3FD00CFE620 /* OnboardingCollectionViewCell.swift in Sources */,
				229D63142DDFC10200CFE620 /* OnboardingSlide.swift in Sources */,
				7BA668B52DD8D9F0004DBBC3 /* LeagueStandingsResponse.swift in Sources */,
				2282E1C72DD6872700858AD9 /* SportCollectionViewCell.swift in Sources */,
				2284FE9F2DD62CAC005596BE /* NetworkManager.swift in Sources */,
				228510D72DDB051E0061FA1F /* League.swift in Sources */,
				7BA668CE2DD91376004DBBC3 /* LeaguesTeamCollectionViewCell.swift in Sources */,
				7BA668A62DD8930D004DBBC3 /* DateUtils.swift in Sources */,
				7BA668B72DD8DA32004DBBC3 /* TeamStanding.swift in Sources */,
				7BA668AA2DD89367004DBBC3 /* URLRequestBuilder.swift in Sources */,
				7BA668BD2DD8DB8E004DBBC3 /*  Player.swift in Sources */,
				228936A92DD54A7800B00E05 /* Sports_App.xcdatamodeld in Sources */,
				229D63122DDFC02C00CFE620 /* extentionForView.swift in Sources */,
				22842B9C2DDCC4B600262BA5 /* PlayerTableViewCell.swift in Sources */,
				2284FEB02DD63DA3005596BE /* LeagueTableViewCell.swift in Sources */,
				7BA668A12DD8928E004DBBC3 /* SportsType.swift in Sources */,
				228936A12DD54A7800B00E05 /* SceneDelegate.swift in Sources */,
				7BA668C32DD8E28A004DBBC3 /* TeamsRequestParams.swift in Sources */,
				228510E02DDB05CA0061FA1F /* LocalDBManager.swift in Sources */,
				2284FEA42DD638CB005596BE /* LeagueModel.swift in Sources */,
				7BA668D12DD92CB2004DBBC3 /* SectionType .swift in Sources */,
				7BA668C12DD8E115004DBBC3 /* StandingRequestParams.swift in Sources */,
				7BA668852DD76BDE004DBBC3 /* DetialsCollectionViewController.swift in Sources */,
				228510DD2DDB05670061FA1F /* FavouriteCellProtocol.swift in Sources */,
				7B67B5282DDCEDA900E50EBF /* SplashViewController.swift in Sources */,
				2284FEA22DD6388C005596BE /* LeagueResponse.swift in Sources */,
				229D630F2DDFBCB800CFE620 /* OnboardingViewController.swift in Sources */,
				2284FEAA2DD63AEE005596BE /* LeagueViewController.swift in Sources */,
				7BA668792DD75E7C004DBBC3 /* FixtureResponse.swift in Sources */,
				7BA668CA2DD9134E004DBBC3 /* FixtureCollectionViewCell.swift in Sources */,
				7BA668822DD76659004DBBC3 /* DetialsPresenter.swift in Sources */,
			);
			runOnlyForDeploymentPostprocessing = 0;
		};
		7B1ED08A2DE094B800B533EF /* Sources */ = {
			isa = PBXSourcesBuildPhase;
			buildActionMask = 2147483647;
			files = (
			);
			runOnlyForDeploymentPostprocessing = 0;
		};
/* End PBXSourcesBuildPhase section */

/* Begin PBXTargetDependency section */
		7B1ED0932DE094B800B533EF /* PBXTargetDependency */ = {
			isa = PBXTargetDependency;
			target = 2289369A2DD54A7800B00E05 /* Sports_App */;
			targetProxy = 7B1ED0922DE094B800B533EF /* PBXContainerItemProxy */;
		};
/* End PBXTargetDependency section */

/* Begin PBXVariantGroup section */
		228936A42DD54A7800B00E05 /* Main.storyboard */ = {
			isa = PBXVariantGroup;
			children = (
				228936A52DD54A7800B00E05 /* Base */,
			);
			name = Main.storyboard;
			sourceTree = "<group>";
		};
		228936AC2DD54A7B00B00E05 /* LaunchScreen.storyboard */ = {
			isa = PBXVariantGroup;
			children = (
				228936AD2DD54A7B00B00E05 /* Base */,
			);
			name = LaunchScreen.storyboard;
			sourceTree = "<group>";
		};
/* End PBXVariantGroup section */

/* Begin XCBuildConfiguration section */
		228936B02DD54A7B00B00E05 /* Debug */ = {
			isa = XCBuildConfiguration;
			buildSettings = {
				ALWAYS_SEARCH_USER_PATHS = NO;
				ASSETCATALOG_COMPILER_GENERATE_SWIFT_ASSET_SYMBOL_EXTENSIONS = YES;
				CLANG_ANALYZER_NONNULL = YES;
				CLANG_ANALYZER_NUMBER_OBJECT_CONVERSION = YES_AGGRESSIVE;
				CLANG_CXX_LANGUAGE_STANDARD = "gnu++20";
				CLANG_ENABLE_MODULES = YES;
				CLANG_ENABLE_OBJC_ARC = YES;
				CLANG_ENABLE_OBJC_WEAK = YES;
				CLANG_WARN_BLOCK_CAPTURE_AUTORELEASING = YES;
				CLANG_WARN_BOOL_CONVERSION = YES;
				CLANG_WARN_COMMA = YES;
				CLANG_WARN_CONSTANT_CONVERSION = YES;
				CLANG_WARN_DEPRECATED_OBJC_IMPLEMENTATIONS = YES;
				CLANG_WARN_DIRECT_OBJC_ISA_USAGE = YES_ERROR;
				CLANG_WARN_DOCUMENTATION_COMMENTS = YES;
				CLANG_WARN_EMPTY_BODY = YES;
				CLANG_WARN_ENUM_CONVERSION = YES;
				CLANG_WARN_INFINITE_RECURSION = YES;
				CLANG_WARN_INT_CONVERSION = YES;
				CLANG_WARN_NON_LITERAL_NULL_CONVERSION = YES;
				CLANG_WARN_OBJC_IMPLICIT_RETAIN_SELF = YES;
				CLANG_WARN_OBJC_LITERAL_CONVERSION = YES;
				CLANG_WARN_OBJC_ROOT_CLASS = YES_ERROR;
				CLANG_WARN_QUOTED_INCLUDE_IN_FRAMEWORK_HEADER = YES;
				CLANG_WARN_RANGE_LOOP_ANALYSIS = YES;
				CLANG_WARN_STRICT_PROTOTYPES = YES;
				CLANG_WARN_SUSPICIOUS_MOVE = YES;
				CLANG_WARN_UNGUARDED_AVAILABILITY = YES_AGGRESSIVE;
				CLANG_WARN_UNREACHABLE_CODE = YES;
				CLANG_WARN__DUPLICATE_METHOD_MATCH = YES;
				COPY_PHASE_STRIP = NO;
				DEBUG_INFORMATION_FORMAT = dwarf;
				ENABLE_STRICT_OBJC_MSGSEND = YES;
				ENABLE_TESTABILITY = YES;
				ENABLE_USER_SCRIPT_SANDBOXING = YES;
				GCC_C_LANGUAGE_STANDARD = gnu17;
				GCC_DYNAMIC_NO_PIC = NO;
				GCC_NO_COMMON_BLOCKS = YES;
				GCC_OPTIMIZATION_LEVEL = 0;
				GCC_PREPROCESSOR_DEFINITIONS = (
					"DEBUG=1",
					"$(inherited)",
				);
				GCC_WARN_64_TO_32_BIT_CONVERSION = YES;
				GCC_WARN_ABOUT_RETURN_TYPE = YES_ERROR;
				GCC_WARN_UNDECLARED_SELECTOR = YES;
				GCC_WARN_UNINITIALIZED_AUTOS = YES_AGGRESSIVE;
				GCC_WARN_UNUSED_FUNCTION = YES;
				GCC_WARN_UNUSED_VARIABLE = YES;
				IPHONEOS_DEPLOYMENT_TARGET = 17.0;
				LOCALIZATION_PREFERS_STRING_CATALOGS = YES;
				MTL_ENABLE_DEBUG_INFO = INCLUDE_SOURCE;
				MTL_FAST_MATH = YES;
				ONLY_ACTIVE_ARCH = YES;
				SDKROOT = iphoneos;
				SWIFT_ACTIVE_COMPILATION_CONDITIONS = "DEBUG $(inherited)";
				SWIFT_OPTIMIZATION_LEVEL = "-Onone";
			};
			name = Debug;
		};
		228936B12DD54A7B00B00E05 /* Release */ = {
			isa = XCBuildConfiguration;
			buildSettings = {
				ALWAYS_SEARCH_USER_PATHS = NO;
				ASSETCATALOG_COMPILER_GENERATE_SWIFT_ASSET_SYMBOL_EXTENSIONS = YES;
				CLANG_ANALYZER_NONNULL = YES;
				CLANG_ANALYZER_NUMBER_OBJECT_CONVERSION = YES_AGGRESSIVE;
				CLANG_CXX_LANGUAGE_STANDARD = "gnu++20";
				CLANG_ENABLE_MODULES = YES;
				CLANG_ENABLE_OBJC_ARC = YES;
				CLANG_ENABLE_OBJC_WEAK = YES;
				CLANG_WARN_BLOCK_CAPTURE_AUTORELEASING = YES;
				CLANG_WARN_BOOL_CONVERSION = YES;
				CLANG_WARN_COMMA = YES;
				CLANG_WARN_CONSTANT_CONVERSION = YES;
				CLANG_WARN_DEPRECATED_OBJC_IMPLEMENTATIONS = YES;
				CLANG_WARN_DIRECT_OBJC_ISA_USAGE = YES_ERROR;
				CLANG_WARN_DOCUMENTATION_COMMENTS = YES;
				CLANG_WARN_EMPTY_BODY = YES;
				CLANG_WARN_ENUM_CONVERSION = YES;
				CLANG_WARN_INFINITE_RECURSION = YES;
				CLANG_WARN_INT_CONVERSION = YES;
				CLANG_WARN_NON_LITERAL_NULL_CONVERSION = YES;
				CLANG_WARN_OBJC_IMPLICIT_RETAIN_SELF = YES;
				CLANG_WARN_OBJC_LITERAL_CONVERSION = YES;
				CLANG_WARN_OBJC_ROOT_CLASS = YES_ERROR;
				CLANG_WARN_QUOTED_INCLUDE_IN_FRAMEWORK_HEADER = YES;
				CLANG_WARN_RANGE_LOOP_ANALYSIS = YES;
				CLANG_WARN_STRICT_PROTOTYPES = YES;
				CLANG_WARN_SUSPICIOUS_MOVE = YES;
				CLANG_WARN_UNGUARDED_AVAILABILITY = YES_AGGRESSIVE;
				CLANG_WARN_UNREACHABLE_CODE = YES;
				CLANG_WARN__DUPLICATE_METHOD_MATCH = YES;
				COPY_PHASE_STRIP = NO;
				DEBUG_INFORMATION_FORMAT = "dwarf-with-dsym";
				ENABLE_NS_ASSERTIONS = NO;
				ENABLE_STRICT_OBJC_MSGSEND = YES;
				ENABLE_USER_SCRIPT_SANDBOXING = YES;
				GCC_C_LANGUAGE_STANDARD = gnu17;
				GCC_NO_COMMON_BLOCKS = YES;
				GCC_WARN_64_TO_32_BIT_CONVERSION = YES;
				GCC_WARN_ABOUT_RETURN_TYPE = YES_ERROR;
				GCC_WARN_UNDECLARED_SELECTOR = YES;
				GCC_WARN_UNINITIALIZED_AUTOS = YES_AGGRESSIVE;
				GCC_WARN_UNUSED_FUNCTION = YES;
				GCC_WARN_UNUSED_VARIABLE = YES;
				IPHONEOS_DEPLOYMENT_TARGET = 17.0;
				LOCALIZATION_PREFERS_STRING_CATALOGS = YES;
				MTL_ENABLE_DEBUG_INFO = NO;
				MTL_FAST_MATH = YES;
				SDKROOT = iphoneos;
				SWIFT_COMPILATION_MODE = wholemodule;
				VALIDATE_PRODUCT = YES;
			};
			name = Release;
		};
		228936B32DD54A7B00B00E05 /* Debug */ = {
			isa = XCBuildConfiguration;
			buildSettings = {
				ASSETCATALOG_COMPILER_APPICON_NAME = AppIcon;
				ASSETCATALOG_COMPILER_GLOBAL_ACCENT_COLOR_NAME = AccentColor;
				CODE_SIGN_STYLE = Automatic;
				CURRENT_PROJECT_VERSION = 1;
				GENERATE_INFOPLIST_FILE = YES;
				INFOPLIST_FILE = Sports_App/Info.plist;
				INFOPLIST_KEY_UIApplicationSupportsIndirectInputEvents = YES;
				INFOPLIST_KEY_UILaunchStoryboardName = LaunchScreen.storyboard;
				INFOPLIST_KEY_UIMainStoryboardFile = Main;
				INFOPLIST_KEY_UISupportedInterfaceOrientations_iPad = "UIInterfaceOrientationPortrait UIInterfaceOrientationPortraitUpsideDown UIInterfaceOrientationLandscapeLeft UIInterfaceOrientationLandscapeRight";
				INFOPLIST_KEY_UISupportedInterfaceOrientations_iPhone = "UIInterfaceOrientationPortrait UIInterfaceOrientationLandscapeLeft UIInterfaceOrientationLandscapeRight";
				LD_RUNPATH_SEARCH_PATHS = (
					"$(inherited)",
					"@executable_path/Frameworks",
				);
				MARKETING_VERSION = 1.0;
				PRODUCT_BUNDLE_IDENTIFIER = "iti.Sports-App";
				PRODUCT_NAME = "$(TARGET_NAME)";
				SWIFT_EMIT_LOC_STRINGS = YES;
				SWIFT_VERSION = 5.0;
				TARGETED_DEVICE_FAMILY = "1,2";
			};
			name = Debug;
		};
		228936B42DD54A7B00B00E05 /* Release */ = {
			isa = XCBuildConfiguration;
			buildSettings = {
				ASSETCATALOG_COMPILER_APPICON_NAME = AppIcon;
				ASSETCATALOG_COMPILER_GLOBAL_ACCENT_COLOR_NAME = AccentColor;
				CODE_SIGN_STYLE = Automatic;
				CURRENT_PROJECT_VERSION = 1;
				GENERATE_INFOPLIST_FILE = YES;
				INFOPLIST_FILE = Sports_App/Info.plist;
				INFOPLIST_KEY_UIApplicationSupportsIndirectInputEvents = YES;
				INFOPLIST_KEY_UILaunchStoryboardName = LaunchScreen.storyboard;
				INFOPLIST_KEY_UIMainStoryboardFile = Main;
				INFOPLIST_KEY_UISupportedInterfaceOrientations_iPad = "UIInterfaceOrientationPortrait UIInterfaceOrientationPortraitUpsideDown UIInterfaceOrientationLandscapeLeft UIInterfaceOrientationLandscapeRight";
				INFOPLIST_KEY_UISupportedInterfaceOrientations_iPhone = "UIInterfaceOrientationPortrait UIInterfaceOrientationLandscapeLeft UIInterfaceOrientationLandscapeRight";
				LD_RUNPATH_SEARCH_PATHS = (
					"$(inherited)",
					"@executable_path/Frameworks",
				);
				MARKETING_VERSION = 1.0;
				PRODUCT_BUNDLE_IDENTIFIER = "iti.Sports-App";
				PRODUCT_NAME = "$(TARGET_NAME)";
				SWIFT_EMIT_LOC_STRINGS = YES;
				SWIFT_VERSION = 5.0;
				TARGETED_DEVICE_FAMILY = "1,2";
			};
			name = Release;
		};
		7B1ED0942DE094B800B533EF /* Debug */ = {
			isa = XCBuildConfiguration;
			buildSettings = {
				BUNDLE_LOADER = "$(TEST_HOST)";
				CODE_SIGN_STYLE = Automatic;
				CURRENT_PROJECT_VERSION = 1;
				GENERATE_INFOPLIST_FILE = YES;
				IPHONEOS_DEPLOYMENT_TARGET = 18.4;
				MACOSX_DEPLOYMENT_TARGET = 15.3;
				MARKETING_VERSION = 1.0;
				PRODUCT_BUNDLE_IDENTIFIER = "iTi.Sports-AppTests";
				PRODUCT_NAME = "$(TARGET_NAME)";
				SDKROOT = auto;
				SUPPORTED_PLATFORMS = "iphoneos iphonesimulator macosx xros xrsimulator";
				SWIFT_EMIT_LOC_STRINGS = NO;
				SWIFT_VERSION = 5.0;
				TARGETED_DEVICE_FAMILY = "1,2,7";
				TEST_HOST = "$(BUILT_PRODUCTS_DIR)/Sports_App.app/$(BUNDLE_EXECUTABLE_FOLDER_PATH)/Sports_App";
				XROS_DEPLOYMENT_TARGET = 2.4;
			};
			name = Debug;
		};
		7B1ED0952DE094B800B533EF /* Release */ = {
			isa = XCBuildConfiguration;
			buildSettings = {
				BUNDLE_LOADER = "$(TEST_HOST)";
				CODE_SIGN_STYLE = Automatic;
				CURRENT_PROJECT_VERSION = 1;
				GENERATE_INFOPLIST_FILE = YES;
				IPHONEOS_DEPLOYMENT_TARGET = 18.4;
				MACOSX_DEPLOYMENT_TARGET = 15.3;
				MARKETING_VERSION = 1.0;
				PRODUCT_BUNDLE_IDENTIFIER = "iTi.Sports-AppTests";
				PRODUCT_NAME = "$(TARGET_NAME)";
				SDKROOT = auto;
				SUPPORTED_PLATFORMS = "iphoneos iphonesimulator macosx xros xrsimulator";
				SWIFT_EMIT_LOC_STRINGS = NO;
				SWIFT_VERSION = 5.0;
				TARGETED_DEVICE_FAMILY = "1,2,7";
				TEST_HOST = "$(BUILT_PRODUCTS_DIR)/Sports_App.app/$(BUNDLE_EXECUTABLE_FOLDER_PATH)/Sports_App";
				XROS_DEPLOYMENT_TARGET = 2.4;
			};
			name = Release;
		};
/* End XCBuildConfiguration section */

/* Begin XCConfigurationList section */
		228936962DD54A7800B00E05 /* Build configuration list for PBXProject "Sports_App" */ = {
			isa = XCConfigurationList;
			buildConfigurations = (
				228936B02DD54A7B00B00E05 /* Debug */,
				228936B12DD54A7B00B00E05 /* Release */,
			);
			defaultConfigurationIsVisible = 0;
			defaultConfigurationName = Release;
		};
		228936B22DD54A7B00B00E05 /* Build configuration list for PBXNativeTarget "Sports_App" */ = {
			isa = XCConfigurationList;
			buildConfigurations = (
				228936B32DD54A7B00B00E05 /* Debug */,
				228936B42DD54A7B00B00E05 /* Release */,
			);
			defaultConfigurationIsVisible = 0;
			defaultConfigurationName = Release;
		};
		7B1ED0962DE094B800B533EF /* Build configuration list for PBXNativeTarget "Sports_AppTests" */ = {
			isa = XCConfigurationList;
			buildConfigurations = (
				7B1ED0942DE094B800B533EF /* Debug */,
				7B1ED0952DE094B800B533EF /* Release */,
			);
			defaultConfigurationIsVisible = 0;
			defaultConfigurationName = Release;
		};
/* End XCConfigurationList section */

/* Begin XCRemoteSwiftPackageReference section */
		228936B52DD54AED00B00E05 /* XCRemoteSwiftPackageReference "SDWebImage" */ = {
			isa = XCRemoteSwiftPackageReference;
			repositoryURL = "https://github.com/SDWebImage/SDWebImage.git";
			requirement = {
				kind = upToNextMajorVersion;
				minimumVersion = 5.21.0;
			};
		};
		228936BA2DD54B3200B00E05 /* XCRemoteSwiftPackageReference "Alamofire" */ = {
			isa = XCRemoteSwiftPackageReference;
			repositoryURL = "https://github.com/Alamofire/Alamofire.git";
			requirement = {
				kind = upToNextMajorVersion;
				minimumVersion = 5.10.2;
			};
		};
		228936BF2DD54B4500B00E05 /* XCRemoteSwiftPackageReference "Reachability" */ = {
			isa = XCRemoteSwiftPackageReference;
			repositoryURL = "https://github.com/ashleymills/Reachability.swift";
			requirement = {
				branch = master;
				kind = branch;
			};
		};
		7B67B5292DDCEF5800E50EBF /* XCRemoteSwiftPackageReference "lottie-ios" */ = {
			isa = XCRemoteSwiftPackageReference;
			repositoryURL = "https://github.com/airbnb/lottie-ios.git";
			requirement = {
				kind = upToNextMajorVersion;
				minimumVersion = 4.5.1;
			};
		};
/* End XCRemoteSwiftPackageReference section */

/* Begin XCSwiftPackageProductDependency section */
		228936B62DD54AED00B00E05 /* SDWebImage */ = {
			isa = XCSwiftPackageProductDependency;
			package = 228936B52DD54AED00B00E05 /* XCRemoteSwiftPackageReference "SDWebImage" */;
			productName = SDWebImage;
		};
		228936B82DD54AED00B00E05 /* SDWebImageMapKit */ = {
			isa = XCSwiftPackageProductDependency;
			package = 228936B52DD54AED00B00E05 /* XCRemoteSwiftPackageReference "SDWebImage" */;
			productName = SDWebImageMapKit;
		};
		228936BB2DD54B3200B00E05 /* Alamofire */ = {
			isa = XCSwiftPackageProductDependency;
			package = 228936BA2DD54B3200B00E05 /* XCRemoteSwiftPackageReference "Alamofire" */;
			productName = Alamofire;
		};
		228936C02DD54B4500B00E05 /* Reachability */ = {
			isa = XCSwiftPackageProductDependency;
			package = 228936BF2DD54B4500B00E05 /* XCRemoteSwiftPackageReference "Reachability" */;
			productName = Reachability;
		};
		7B67B52A2DDCEF5800E50EBF /* Lottie */ = {
			isa = XCSwiftPackageProductDependency;
			package = 7B67B5292DDCEF5800E50EBF /* XCRemoteSwiftPackageReference "lottie-ios" */;
			productName = Lottie;
		};
/* End XCSwiftPackageProductDependency section */

/* Begin XCVersionGroup section */
		228936A72DD54A7800B00E05 /* Sports_App.xcdatamodeld */ = {
			isa = XCVersionGroup;
			children = (
				228936A82DD54A7800B00E05 /* Sports_App.xcdatamodel */,
			);
			currentVersion = 228936A82DD54A7800B00E05 /* Sports_App.xcdatamodel */;
			path = Sports_App.xcdatamodeld;
			sourceTree = "<group>";
			versionGroupType = wrapper.xcdatamodel;
		};
/* End XCVersionGroup section */
	};
	rootObject = 228936932DD54A7800B00E05 /* Project object */;
}
